
Microsoft Visual Studio Solution File, Format Version 12.00
# Visual Studio Version 17
VisualStudioVersion = 17.9.34622.214
MinimumVisualStudioVersion = 10.0.40219.1
Project("{FAE04EC0-301F-11D3-BF4B-00C04F79EFBC}") = "2210900109-HoangVanKhai", "2210900109-HoangVanKhai.csproj", "{1724509E-B5E0-410A-B8A7-B40A3739307F}"
EndProject
Global
	GlobalSection(SolutionConfigurationPlatforms) = preSolution
		Debug|Any CPU = Debug|Any CPU
		Release|Any CPU = Release|Any CPU
	EndGlobalSection
	GlobalSection(ProjectConfigurationPlatforms) = postSolution
		{1724509E-B5E0-410A-B8A7-B40A3739307F}.Debug|Any CPU.ActiveCfg = Debug|Any CPU
		{1724509E-B5E0-410A-B8A7-B40A3739307F}.Debug|Any CPU.Build.0 = Debug|Any CPU
		{1724509E-B5E0-410A-B8A7-B40A3739307F}.Release|Any CPU.ActiveCfg = Release|Any CPU
		{1724509E-B5E0-410A-B8A7-B40A3739307F}.Release|Any CPU.Build.0 = Release|Any CPU
	EndGlobalSection
	GlobalSection(SolutionProperties) = preSolution
		HideSolutionNode = FALSE
	EndGlobalSection
	GlobalSection(ExtensibilityGlobals) = postSolution
		SolutionGuid = {98EEA979-4DCC-4EBD-8D97-87FCB3260CDB}
	EndGlobalSection
EndGlobal
