
Microsoft Visual Studio Solution File, Format Version 12.00
# Visual Studio Version 17
VisualStudioVersion = 17.9.34622.214
MinimumVisualStudioVersion = 10.0.40219.1
Project("{FAE04EC0-301F-11D3-BF4B-00C04F79EFBC}") = "lab05", "lab05.csproj", "{60F98B0A-D8B8-45C2-ACE7-C5A9055AE93D}"
EndProject
Global
	GlobalSection(SolutionConfigurationPlatforms) = preSolution
		Debug|Any CPU = Debug|Any CPU
		Release|Any CPU = Release|Any CPU
	EndGlobalSection
	GlobalSection(ProjectConfigurationPlatforms) = postSolution
		{60F98B0A-D8B8-45C2-ACE7-C5A9055AE93D}.Debug|Any CPU.ActiveCfg = Debug|Any CPU
		{60F98B0A-D8B8-45C2-ACE7-C5A9055AE93D}.Debug|Any CPU.Build.0 = Debug|Any CPU
		{60F98B0A-D8B8-45C2-ACE7-C5A9055AE93D}.Release|Any CPU.ActiveCfg = Release|Any CPU
		{60F98B0A-D8B8-45C2-ACE7-C5A9055AE93D}.Release|Any CPU.Build.0 = Release|Any CPU
	EndGlobalSection
	GlobalSection(SolutionProperties) = preSolution
		HideSolutionNode = FALSE
	EndGlobalSection
	GlobalSection(ExtensibilityGlobals) = postSolution
		SolutionGuid = {A6703A21-7C53-4BCB-A4C1-6FF501B85D62}
	EndGlobalSection
EndGlobal
